
Microsoft Visual Studio Solution File, Format Version 12.00
# Visual Studio Version 16
VisualStudioVersion = 16.0.30907.101
MinimumVisualStudioVersion = 15.0.26124.0
Project("{2150E333-8FDC-42A3-9474-1A3956D46DE8}") = "src", "src", "{779829D6-079B-4362-9E1A-34B7B1DE2099}"
EndProject
Project("{9A19103F-16F7-4668-BE54-9A1E7A4F7556}") = "SweeftDigital.Shop.Core", "src\SweeftDigital.Shop.Core\SweeftDigital.Shop.Core.csproj", "{81066484-1C7E-46D4-B7F0-35BD4CFB12FB}"
EndProject
Project("{9A19103F-16F7-4668-BE54-9A1E7A4F7556}") = "SweeftDigital.Shop.Infrastructure", "src\SweeftDigital.Shop.Infrastructure\SweeftDigital.Shop.Infrastructure.csproj", "{EE9BB09B-C5DD-4DB3-B021-87FC75A8A6D1}"
EndProject
Project("{9A19103F-16F7-4668-BE54-9A1E7A4F7556}") = "SweeftDigital.Shop.Api", "src\SweeftDigital.Shop.Api\SweeftDigital.Shop.Api.csproj", "{2A2F6FF3-E2B1-451A-ADEA-0B33B2DE6F59}"
EndProject
Project("{9A19103F-16F7-4668-BE54-9A1E7A4F7556}") = "SweeftDigital.Shop.Application", "src\SweeftDigital.Shop.Application\SweeftDigital.Shop.Application.csproj", "{7C178CD9-E053-4DE3-94B2-A0A02962F04F}"
EndProject
Project("{E53339B2-1760-4266-BCC7-CA923CBCF16C}") = "docker-compose", "docker-compose.dcproj", "{D3CE28ED-E755-4E58-8B5C-C693B75DA9F7}"
EndProject
Global
	GlobalSection(SolutionConfigurationPlatforms) = preSolution
		Debug|Any CPU = Debug|Any CPU
		Debug|x64 = Debug|x64
		Debug|x86 = Debug|x86
		Release|Any CPU = Release|Any CPU
		Release|x64 = Release|x64
		Release|x86 = Release|x86
	EndGlobalSection
	GlobalSection(ProjectConfigurationPlatforms) = postSolution
		{81066484-1C7E-46D4-B7F0-35BD4CFB12FB}.Debug|Any CPU.ActiveCfg = Debug|Any CPU
		{81066484-1C7E-46D4-B7F0-35BD4CFB12FB}.Debug|Any CPU.Build.0 = Debug|Any CPU
		{81066484-1C7E-46D4-B7F0-35BD4CFB12FB}.Debug|x64.ActiveCfg = Debug|Any CPU
		{81066484-1C7E-46D4-B7F0-35BD4CFB12FB}.Debug|x64.Build.0 = Debug|Any CPU
		{81066484-1C7E-46D4-B7F0-35BD4CFB12FB}.Debug|x86.ActiveCfg = Debug|Any CPU
		{81066484-1C7E-46D4-B7F0-35BD4CFB12FB}.Debug|x86.Build.0 = Debug|Any CPU
		{81066484-1C7E-46D4-B7F0-35BD4CFB12FB}.Release|Any CPU.ActiveCfg = Release|Any CPU
		{81066484-1C7E-46D4-B7F0-35BD4CFB12FB}.Release|Any CPU.Build.0 = Release|Any CPU
		{81066484-1C7E-46D4-B7F0-35BD4CFB12FB}.Release|x64.ActiveCfg = Release|Any CPU
		{81066484-1C7E-46D4-B7F0-35BD4CFB12FB}.Release|x64.Build.0 = Release|Any CPU
		{81066484-1C7E-46D4-B7F0-35BD4CFB12FB}.Release|x86.ActiveCfg = Release|Any CPU
		{81066484-1C7E-46D4-B7F0-35BD4CFB12FB}.Release|x86.Build.0 = Release|Any CPU
		{EE9BB09B-C5DD-4DB3-B021-87FC75A8A6D1}.Debug|Any CPU.ActiveCfg = Debug|Any CPU
		{EE9BB09B-C5DD-4DB3-B021-87FC75A8A6D1}.Debug|Any CPU.Build.0 = Debug|Any CPU
		{EE9BB09B-C5DD-4DB3-B021-87FC75A8A6D1}.Debug|x64.ActiveCfg = Debug|Any CPU
		{EE9BB09B-C5DD-4DB3-B021-87FC75A8A6D1}.Debug|x64.Build.0 = Debug|Any CPU
		{EE9BB09B-C5DD-4DB3-B021-87FC75A8A6D1}.Debug|x86.ActiveCfg = Debug|Any CPU
		{EE9BB09B-C5DD-4DB3-B021-87FC75A8A6D1}.Debug|x86.Build.0 = Debug|Any CPU
		{EE9BB09B-C5DD-4DB3-B021-87FC75A8A6D1}.Release|Any CPU.ActiveCfg = Release|Any CPU
		{EE9BB09B-C5DD-4DB3-B021-87FC75A8A6D1}.Release|Any CPU.Build.0 = Release|Any CPU
		{EE9BB09B-C5DD-4DB3-B021-87FC75A8A6D1}.Release|x64.ActiveCfg = Release|Any CPU
		{EE9BB09B-C5DD-4DB3-B021-87FC75A8A6D1}.Release|x64.Build.0 = Release|Any CPU
		{EE9BB09B-C5DD-4DB3-B021-87FC75A8A6D1}.Release|x86.ActiveCfg = Release|Any CPU
		{EE9BB09B-C5DD-4DB3-B021-87FC75A8A6D1}.Release|x86.Build.0 = Release|Any CPU
		{2A2F6FF3-E2B1-451A-ADEA-0B33B2DE6F59}.Debug|Any CPU.ActiveCfg = Debug|Any CPU
		{2A2F6FF3-E2B1-451A-ADEA-0B33B2DE6F59}.Debug|Any CPU.Build.0 = Debug|Any CPU
		{2A2F6FF3-E2B1-451A-ADEA-0B33B2DE6F59}.Debug|x64.ActiveCfg = Debug|Any CPU
		{2A2F6FF3-E2B1-451A-ADEA-0B33B2DE6F59}.Debug|x64.Build.0 = Debug|Any CPU
		{2A2F6FF3-E2B1-451A-ADEA-0B33B2DE6F59}.Debug|x86.ActiveCfg = Debug|Any CPU
		{2A2F6FF3-E2B1-451A-ADEA-0B33B2DE6F59}.Debug|x86.Build.0 = Debug|Any CPU
		{2A2F6FF3-E2B1-451A-ADEA-0B33B2DE6F59}.Release|Any CPU.ActiveCfg = Release|Any CPU
		{2A2F6FF3-E2B1-451A-ADEA-0B33B2DE6F59}.Release|Any CPU.Build.0 = Release|Any CPU
		{2A2F6FF3-E2B1-451A-ADEA-0B33B2DE6F59}.Release|x64.ActiveCfg = Release|Any CPU
		{2A2F6FF3-E2B1-451A-ADEA-0B33B2DE6F59}.Release|x64.Build.0 = Release|Any CPU
		{2A2F6FF3-E2B1-451A-ADEA-0B33B2DE6F59}.Release|x86.ActiveCfg = Release|Any CPU
		{2A2F6FF3-E2B1-451A-ADEA-0B33B2DE6F59}.Release|x86.Build.0 = Release|Any CPU
		{7C178CD9-E053-4DE3-94B2-A0A02962F04F}.Debug|Any CPU.ActiveCfg = Debug|Any CPU
		{7C178CD9-E053-4DE3-94B2-A0A02962F04F}.Debug|Any CPU.Build.0 = Debug|Any CPU
		{7C178CD9-E053-4DE3-94B2-A0A02962F04F}.Debug|x64.ActiveCfg = Debug|Any CPU
		{7C178CD9-E053-4DE3-94B2-A0A02962F04F}.Debug|x64.Build.0 = Debug|Any CPU
		{7C178CD9-E053-4DE3-94B2-A0A02962F04F}.Debug|x86.ActiveCfg = Debug|Any CPU
		{7C178CD9-E053-4DE3-94B2-A0A02962F04F}.Debug|x86.Build.0 = Debug|Any CPU
		{7C178CD9-E053-4DE3-94B2-A0A02962F04F}.Release|Any CPU.ActiveCfg = Release|Any CPU
		{7C178CD9-E053-4DE3-94B2-A0A02962F04F}.Release|Any CPU.Build.0 = Release|Any CPU
		{7C178CD9-E053-4DE3-94B2-A0A02962F04F}.Release|x64.ActiveCfg = Release|Any CPU
		{7C178CD9-E053-4DE3-94B2-A0A02962F04F}.Release|x64.Build.0 = Release|Any CPU
		{7C178CD9-E053-4DE3-94B2-A0A02962F04F}.Release|x86.ActiveCfg = Release|Any CPU
		{7C178CD9-E053-4DE3-94B2-A0A02962F04F}.Release|x86.Build.0 = Release|Any CPU
		{D3CE28ED-E755-4E58-8B5C-C693B75DA9F7}.Debug|Any CPU.ActiveCfg = Debug|Any CPU
		{D3CE28ED-E755-4E58-8B5C-C693B75DA9F7}.Debug|Any CPU.Build.0 = Debug|Any CPU
		{D3CE28ED-E755-4E58-8B5C-C693B75DA9F7}.Debug|x64.ActiveCfg = Debug|Any CPU
		{D3CE28ED-E755-4E58-8B5C-C693B75DA9F7}.Debug|x64.Build.0 = Debug|Any CPU
		{D3CE28ED-E755-4E58-8B5C-C693B75DA9F7}.Debug|x86.ActiveCfg = Debug|Any CPU
		{D3CE28ED-E755-4E58-8B5C-C693B75DA9F7}.Debug|x86.Build.0 = Debug|Any CPU
		{D3CE28ED-E755-4E58-8B5C-C693B75DA9F7}.Release|Any CPU.ActiveCfg = Release|Any CPU
		{D3CE28ED-E755-4E58-8B5C-C693B75DA9F7}.Release|Any CPU.Build.0 = Release|Any CPU
		{D3CE28ED-E755-4E58-8B5C-C693B75DA9F7}.Release|x64.ActiveCfg = Release|Any CPU
		{D3CE28ED-E755-4E58-8B5C-C693B75DA9F7}.Release|x64.Build.0 = Release|Any CPU
		{D3CE28ED-E755-4E58-8B5C-C693B75DA9F7}.Release|x86.ActiveCfg = Release|Any CPU
		{D3CE28ED-E755-4E58-8B5C-C693B75DA9F7}.Release|x86.Build.0 = Release|Any CPU
	EndGlobalSection
	GlobalSection(SolutionProperties) = preSolution
		HideSolutionNode = FALSE
	EndGlobalSection
	GlobalSection(NestedProjects) = preSolution
		{81066484-1C7E-46D4-B7F0-35BD4CFB12FB} = {779829D6-079B-4362-9E1A-34B7B1DE2099}
		{EE9BB09B-C5DD-4DB3-B021-87FC75A8A6D1} = {779829D6-079B-4362-9E1A-34B7B1DE2099}
		{2A2F6FF3-E2B1-451A-ADEA-0B33B2DE6F59} = {779829D6-079B-4362-9E1A-34B7B1DE2099}
		{7C178CD9-E053-4DE3-94B2-A0A02962F04F} = {779829D6-079B-4362-9E1A-34B7B1DE2099}
	EndGlobalSection
	GlobalSection(ExtensibilityGlobals) = postSolution
		SolutionGuid = {B08ED37D-1CD3-4B51-B83E-D4D74E4B06FA}
	EndGlobalSection
EndGlobal
